PODS:
  - Alamofire (4.9.1)
  - AlamofireImage (3.4.1):
    - Alamofire (~> 4.7)
  - AlamofireObjectMapper (5.2.1):
    - Alamofire (~> 4.7)
    - ObjectMapper (~> 3.4)
  - Kanna (4.0.3)
  - KenticoKontentDelivery (2.0.0):
    - AlamofireObjectMapper (~> 5.2.0)
    - Kanna (~> 4.0.2)
  - Nimble (7.3.4)
  - ObjectMapper (3.5.1)
  - Quick (1.2.0)

DEPENDENCIES:
  - AlamofireImage (~> 3.4.1)
  - KenticoKontentDelivery (from `../`)
  - Nimble (~> 7.0)
  - Quick (~> 1.2.0)

SPEC REPOS:
  trunk:
    - Alamofire
    - AlamofireImage
    - AlamofireObjectMapper
    - Kanna
    - Nimble
    - ObjectMapper
    - Quick

EXTERNAL SOURCES:
  KenticoKontentDelivery:
    :path: "../"

SPEC CHECKSUMS:
  Alamofire: 85e8a02c69d6020a0d734f6054870d7ecb75cf18
  AlamofireImage: 78d67ccbb763d87ba44b21583d2153500a195630
  AlamofireObjectMapper: 1989f690e982b71921b9253f53a4f33a9bc00d88
  Kanna: 0ebbdd0e7e3308f0aafbd569e79c8cadc5eb877c
  KenticoKontentDelivery: b93f1a516c54e2dd2f667c71226a9172ed952ba1
  Nimble: 051e3d8912d40138fa5591c78594f95fb172af37
  ObjectMapper: 70187b8941977c62ccfb423caf6b50be405cabf0
  Quick: 58d203b1c5e27fff7229c4c1ae445ad7069a7a08

PODFILE CHECKSUM: 106c5a6223ab60a7f409ecd0bbd9ccfd323c709b

COCOAPODS: 1.8.4
